
Microsoft Visual Studio Solution File, Format Version 12.00
# Visual Studio 15
Project("{FAE04EC0-301F-11D3-BF4B-00C04F79EFBC}") = "Assembly-CSharp", "Assembly-CSharp.csproj", "{F4B61D27-2C7B-A87C-D2C2-22FF18604124}"
EndProject
Project("{FAE04EC0-301F-11D3-BF4B-00C04F79EFBC}") = "CFXREditor", "CFXREditor.csproj", "{D15EA364-45FC-D82D-8DF6-79CF50118CAC}"
EndProject
Project("{FAE04EC0-301F-11D3-BF4B-00C04F79EFBC}") = "OtoonEditor", "OtoonEditor.csproj", "{3971B6DE-AB70-6B33-8028-2AF94CAE1117}"
EndProject
Project("{FAE04EC0-301F-11D3-BF4B-00C04F79EFBC}") = "CFXRRuntime", "CFXRRuntime.csproj", "{8FE67178-31EA-B26E-81C0-D96B22B57B01}"
EndProject
Project("{FAE04EC0-301F-11D3-BF4B-00C04F79EFBC}") = "OtoonShader", "OtoonShader.csproj", "{C93844F2-2726-B065-33A4-D46FCD0A21E1}"
EndProject
Project("{FAE04EC0-301F-11D3-BF4B-00C04F79EFBC}") = "CFXRDemo", "CFXRDemo.csproj", "{B0857991-5776-E5E0-85F6-8E5C9D9B0773}"
EndProject
Project("{FAE04EC0-301F-11D3-BF4B-00C04F79EFBC}") = "ToonyColorsPro.Demo.Editor", "ToonyColorsPro.Demo.Editor.csproj", "{B1A8A4BD-4378-9F40-04B2-8770BE923271}"
EndProject
Project("{FAE04EC0-301F-11D3-BF4B-00C04F79EFBC}") = "KinoBloom.Runtime", "KinoBloom.Runtime.csproj", "{5B62228C-6F3A-4388-CD27-2ACEC4122F30}"
EndProject
Project("{FAE04EC0-301F-11D3-BF4B-00C04F79EFBC}") = "Assembly-CSharp-Editor", "Assembly-CSharp-Editor.csproj", "{EAB74262-D5AA-38A1-5645-E2C99ECF0BD1}"
EndProject
Global
	GlobalSection(SolutionConfigurationPlatforms) = preSolution
		Debug|Any CPU = Debug|Any CPU
		Release|Any CPU = Release|Any CPU
	EndGlobalSection
	GlobalSection(ProjectConfigurationPlatforms) = postSolution
		{F4B61D27-2C7B-A87C-D2C2-22FF18604124}.Debug|Any CPU.ActiveCfg = Debug|Any CPU
		{F4B61D27-2C7B-A87C-D2C2-22FF18604124}.Debug|Any CPU.Build.0 = Debug|Any CPU
		{F4B61D27-2C7B-A87C-D2C2-22FF18604124}.Release|Any CPU.ActiveCfg = Release|Any CPU
		{F4B61D27-2C7B-A87C-D2C2-22FF18604124}.Release|Any CPU.Build.0 = Release|Any CPU
		{D15EA364-45FC-D82D-8DF6-79CF50118CAC}.Debug|Any CPU.ActiveCfg = Debug|Any CPU
		{D15EA364-45FC-D82D-8DF6-79CF50118CAC}.Debug|Any CPU.Build.0 = Debug|Any CPU
		{D15EA364-45FC-D82D-8DF6-79CF50118CAC}.Release|Any CPU.ActiveCfg = Release|Any CPU
		{D15EA364-45FC-D82D-8DF6-79CF50118CAC}.Release|Any CPU.Build.0 = Release|Any CPU
		{3971B6DE-AB70-6B33-8028-2AF94CAE1117}.Debug|Any CPU.ActiveCfg = Debug|Any CPU
		{3971B6DE-AB70-6B33-8028-2AF94CAE1117}.Debug|Any CPU.Build.0 = Debug|Any CPU
		{3971B6DE-AB70-6B33-8028-2AF94CAE1117}.Release|Any CPU.ActiveCfg = Release|Any CPU
		{3971B6DE-AB70-6B33-8028-2AF94CAE1117}.Release|Any CPU.Build.0 = Release|Any CPU
		{8FE67178-31EA-B26E-81C0-D96B22B57B01}.Debug|Any CPU.ActiveCfg = Debug|Any CPU
		{8FE67178-31EA-B26E-81C0-D96B22B57B01}.Debug|Any CPU.Build.0 = Debug|Any CPU
		{8FE67178-31EA-B26E-81C0-D96B22B57B01}.Release|Any CPU.ActiveCfg = Release|Any CPU
		{8FE67178-31EA-B26E-81C0-D96B22B57B01}.Release|Any CPU.Build.0 = Release|Any CPU
		{C93844F2-2726-B065-33A4-D46FCD0A21E1}.Debug|Any CPU.ActiveCfg = Debug|Any CPU
		{C93844F2-2726-B065-33A4-D46FCD0A21E1}.Debug|Any CPU.Build.0 = Debug|Any CPU
		{C93844F2-2726-B065-33A4-D46FCD0A21E1}.Release|Any CPU.ActiveCfg = Release|Any CPU
		{C93844F2-2726-B065-33A4-D46FCD0A21E1}.Release|Any CPU.Build.0 = Release|Any CPU
		{B0857991-5776-E5E0-85F6-8E5C9D9B0773}.Debug|Any CPU.ActiveCfg = Debug|Any CPU
		{B0857991-5776-E5E0-85F6-8E5C9D9B0773}.Debug|Any CPU.Build.0 = Debug|Any CPU
		{B0857991-5776-E5E0-85F6-8E5C9D9B0773}.Release|Any CPU.ActiveCfg = Release|Any CPU
		{B0857991-5776-E5E0-85F6-8E5C9D9B0773}.Release|Any CPU.Build.0 = Release|Any CPU
		{B1A8A4BD-4378-9F40-04B2-8770BE923271}.Debug|Any CPU.ActiveCfg = Debug|Any CPU
		{B1A8A4BD-4378-9F40-04B2-8770BE923271}.Debug|Any CPU.Build.0 = Debug|Any CPU
		{B1A8A4BD-4378-9F40-04B2-8770BE923271}.Release|Any CPU.ActiveCfg = Release|Any CPU
		{B1A8A4BD-4378-9F40-04B2-8770BE923271}.Release|Any CPU.Build.0 = Release|Any CPU
		{5B62228C-6F3A-4388-CD27-2ACEC4122F30}.Debug|Any CPU.ActiveCfg = Debug|Any CPU
		{5B62228C-6F3A-4388-CD27-2ACEC4122F30}.Debug|Any CPU.Build.0 = Debug|Any CPU
		{5B62228C-6F3A-4388-CD27-2ACEC4122F30}.Release|Any CPU.ActiveCfg = Release|Any CPU
		{5B62228C-6F3A-4388-CD27-2ACEC4122F30}.Release|Any CPU.Build.0 = Release|Any CPU
		{EAB74262-D5AA-38A1-5645-E2C99ECF0BD1}.Debug|Any CPU.ActiveCfg = Debug|Any CPU
		{EAB74262-D5AA-38A1-5645-E2C99ECF0BD1}.Debug|Any CPU.Build.0 = Debug|Any CPU
		{EAB74262-D5AA-38A1-5645-E2C99ECF0BD1}.Release|Any CPU.ActiveCfg = Release|Any CPU
		{EAB74262-D5AA-38A1-5645-E2C99ECF0BD1}.Release|Any CPU.Build.0 = Release|Any CPU
	EndGlobalSection
	GlobalSection(SolutionProperties) = preSolution
		HideSolutionNode = FALSE
	EndGlobalSection
EndGlobal
